
Microsoft Visual Studio Solution File, Format Version 12.00
# Visual Studio Version 17
VisualStudioVersion = 17.14.36301.6
MinimumVisualStudioVersion = 10.0.40219.1
Project("{FAE04EC0-301F-11D3-BF4B-00C04F79EFBC}") = "MartianRobots", "MartianRobots\MartianRobots.csproj", "{68028FF4-520E-4003-9551-28BCFB2B6A0A}"
EndProject
Project("{FAE04EC0-301F-11D3-BF4B-00C04F79EFBC}") = "MartianRobots.Tests", "MartianRobots.Tests\MartianRobots.Tests.csproj", "{2F111A57-43C0-4A4C-A62A-5923B08F1E66}"
EndProject
Global
	GlobalSection(SolutionConfigurationPlatforms) = preSolution
		Debug|Any CPU = Debug|Any CPU
		Release|Any CPU = Release|Any CPU
	EndGlobalSection
	GlobalSection(ProjectConfigurationPlatforms) = postSolution
		{68028FF4-520E-4003-9551-28BCFB2B6A0A}.Debug|Any CPU.ActiveCfg = Debug|Any CPU
		{68028FF4-520E-4003-9551-28BCFB2B6A0A}.Debug|Any CPU.Build.0 = Debug|Any CPU
		{68028FF4-520E-4003-9551-28BCFB2B6A0A}.Release|Any CPU.ActiveCfg = Release|Any CPU
		{68028FF4-520E-4003-9551-28BCFB2B6A0A}.Release|Any CPU.Build.0 = Release|Any CPU
		{2F111A57-43C0-4A4C-A62A-5923B08F1E66}.Debug|Any CPU.ActiveCfg = Debug|Any CPU
		{2F111A57-43C0-4A4C-A62A-5923B08F1E66}.Debug|Any CPU.Build.0 = Debug|Any CPU
		{2F111A57-43C0-4A4C-A62A-5923B08F1E66}.Release|Any CPU.ActiveCfg = Release|Any CPU
		{2F111A57-43C0-4A4C-A62A-5923B08F1E66}.Release|Any CPU.Build.0 = Release|Any CPU
	EndGlobalSection
	GlobalSection(SolutionProperties) = preSolution
		HideSolutionNode = FALSE
	EndGlobalSection
	GlobalSection(ExtensibilityGlobals) = postSolution
		SolutionGuid = {E807B195-D131-4C51-897C-80FA07C91274}
	EndGlobalSection
EndGlobal
